# THIS IS AN AUTOGENERATED FILE. DO NOT EDIT THIS FILE DIRECTLY.
# yarn lockfile v1


debug@^3.1.0:
  version "3.1.0"
  resolved "https://registry.yarnpkg.com/debug/-/debug-3.1.0.tgz#5bb5a0672628b64149566ba16819e61518c67261"
  integrity sha512-OX8XqP7/1a9cqkxYw2yXss15f26NKWBpDXQd0/uK/KPqdQhxbPa994hnzjcE2VqQpDslf55723cKPUOGSmMY3g==
  dependencies:
    ms "2.0.0"

ms@2.0.0:
  version "2.0.0"
  resolved "https://registry.yarnpkg.com/ms/-/ms-2.0.0.tgz#5608aeadfc00be6c2901df5f9861788de0d597c8"
  integrity sha1-VgiurfwAvmwpAd9fmGF4jeDVl8g=

vue@2.5.9:
  version "2.5.9"
  resolved "https://registry.yarnpkg.com/vue/-/vue-2.5.9.tgz#b2380cd040915dca69881dafd121d760952e65f7"
  integrity sha512-9B9XBpCtj8y5eJFrspIcKxIWt+lG9FMdF8qgyOlUeOIvcS4xSAvcARygbzHA6Pi0KWFj4BvxjtWbuPVWRx/wuA==

vuex@3.0.1:
  version "3.0.1"
  resolved "https://registry.yarnpkg.com/vuex/-/vuex-3.0.1.tgz#e761352ebe0af537d4bb755a9b9dc4be3df7efd2"
  integrity sha512-wLoqz0B7DSZtgbWL1ShIBBCjv22GV5U+vcBFox658g6V0s4wZV9P4YjCNyoHSyIBpj1f29JBoNQIqD82cR4O3w==
